
Microsoft Visual Studio Solution File, Format Version 12.00
# Visual Studio 15
VisualStudioVersion = 15.0.28010.2050
MinimumVisualStudioVersion = 10.0.40219.1
Project("{8BC9CEB8-8B4A-11D0-8D11-00A0C91BC942}") = "Project18", "Project18\Project18.vcxproj", "{74E38A97-E2B4-47C4-81B3-0BCD8461F2CC}"
EndProject
Global
	GlobalSection(SolutionConfigurationPlatforms) = preSolution
		Debug|x64 = Debug|x64
		Debug|x86 = Debug|x86
		Release|x64 = Release|x64
		Release|x86 = Release|x86
	EndGlobalSection
	GlobalSection(ProjectConfigurationPlatforms) = postSolution
		{74E38A97-E2B4-47C4-81B3-0BCD8461F2CC}.Debug|x64.ActiveCfg = Debug|x64
		{74E38A97-E2B4-47C4-81B3-0BCD8461F2CC}.Debug|x64.Build.0 = Debug|x64
		{74E38A97-E2B4-47C4-81B3-0BCD8461F2CC}.Debug|x86.ActiveCfg = Debug|Win32
		{74E38A97-E2B4-47C4-81B3-0BCD8461F2CC}.Debug|x86.Build.0 = Debug|Win32
		{74E38A97-E2B4-47C4-81B3-0BCD8461F2CC}.Release|x64.ActiveCfg = Release|x64
		{74E38A97-E2B4-47C4-81B3-0BCD8461F2CC}.Release|x64.Build.0 = Release|x64
		{74E38A97-E2B4-47C4-81B3-0BCD8461F2CC}.Release|x86.ActiveCfg = Release|Win32
		{74E38A97-E2B4-47C4-81B3-0BCD8461F2CC}.Release|x86.Build.0 = Release|Win32
	EndGlobalSection
	GlobalSection(SolutionProperties) = preSolution
		HideSolutionNode = FALSE
	EndGlobalSection
	GlobalSection(ExtensibilityGlobals) = postSolution
		SolutionGuid = {F5D1731E-FCB9-4C2F-A53A-81E76E477D9D}
	EndGlobalSection
EndGlobal
